<Solution>
  <Folder Name="/Solution Items/">
    <File Path=".env" />
    <File Path="Directory.Build.props" />
    <File Path="Directory.Packages.props" />
  </Folder>
  <Project Path="MarketPlace.Api/MarketPlace.Api.csproj" />
  <Project Path="MarketPlace.AppHost/MarketPlace.AppHost.csproj" Id="c7d07753-8b31-4b38-90a2-6c96bfb48616" />
  <Project Path="MarketPlace.ServiceDefaults/MarketPlace.ServiceDefaults.csproj" />
  <Project Path="MarketPlace.Test/MarketPlace.Test.csproj" Id="4b61649f-19a4-4fff-9090-4859222501d3" />
</Solution>
